# THIS IS AN AUTOGENERATED FILE. DO NOT EDIT THIS FILE DIRECTLY.
# yarn lockfile v1


"@types/node@14.11.2":
  version "14.11.2"
  resolved "https://registry.yarnpkg.com/@types/node/-/node-14.11.2.tgz#2de1ed6670439387da1c9f549a2ade2b0a799256"
  integrity sha512-jiE3QIxJ8JLNcb1Ps6rDbysDhN4xa8DJJvuC9prr6w+1tIh+QAbYyNF3tyiZNLDBIuBCf4KEcV2UvQm/V60xfA==

esbuild@0.7.9, "esbuild@>=0.6.0 <0.8.0":
  version "0.7.9"
  resolved "https://registry.yarnpkg.com/esbuild/-/esbuild-0.7.9.tgz#d54dabc5ec11c4c8d894d8d5f8528e15b39ae629"
  integrity sha512-ksQ5GclWlswKrggWLPW9OHpRnMQZyWhonRCDbS/EoOYnG5g+1bsZVUvodBB2PJ8haiOEdmx0hWNJXEErvWIJeg==

estrella@1.2.10:
  version "1.2.10"
  resolved "https://registry.yarnpkg.com/estrella/-/estrella-1.2.10.tgz#c9ea8ca37949983ebc5b530ab2c1eff2bff647d5"
  integrity sha512-JSpZX+MrQcPWZ7IVjFZZD8IE/oaK+OChFGRs4Vu+HMDUICA514a95osvGUOrbPxaKQqoQs3uwmDqTpoKglTXJA==
  dependencies:
    esbuild ">=0.6.0 <0.8.0"
  optionalDependencies:
    fsevents "~2.1.2"

fsevents@~2.1.2:
  version "2.1.3"
  resolved "https://registry.yarnpkg.com/fsevents/-/fsevents-2.1.3.tgz#fb738703ae8d2f9fe900c33836ddebee8b97f23e"
  integrity sha512-Auw9a4AxqWpa9GUfj370BMPzzyncfBABW8Mab7BGWBYDj4Isgq+cDKtx0i6u9jcX9pQDnswsaaOTgTmA5pEjuQ==

typescript@4.0.3:
  version "4.0.3"
  resolved "https://registry.yarnpkg.com/typescript/-/typescript-4.0.3.tgz#153bbd468ef07725c1df9c77e8b453f8d36abba5"
  integrity sha512-tEu6DGxGgRJPb/mVPIZ48e69xCn2yRmCgYmDugAVwmJ6o+0u1RI18eO7E7WBTLYLaEVVOhwQmcdhQHweux/WPg==
